
Microsoft Visual Studio Solution File, Format Version 12.00
# Visual Studio Version 17
VisualStudioVersion = 17.3.32825.248
MinimumVisualStudioVersion = 10.0.40219.1
Project("{FAE04EC0-301F-11D3-BF4B-00C04F79EFBC}") = "Test_2", "Test_2\Test_2.csproj", "{CA76E3E0-056B-41C2-9147-C510738CA72E}"
EndProject
Global
	GlobalSection(SolutionConfigurationPlatforms) = preSolution
		Debug|Any CPU = Debug|Any CPU
		Release|Any CPU = Release|Any CPU
	EndGlobalSection
	GlobalSection(ProjectConfigurationPlatforms) = postSolution
		{CA76E3E0-056B-41C2-9147-C510738CA72E}.Debug|Any CPU.ActiveCfg = Debug|Any CPU
		{CA76E3E0-056B-41C2-9147-C510738CA72E}.Debug|Any CPU.Build.0 = Debug|Any CPU
		{CA76E3E0-056B-41C2-9147-C510738CA72E}.Release|Any CPU.ActiveCfg = Release|Any CPU
		{CA76E3E0-056B-41C2-9147-C510738CA72E}.Release|Any CPU.Build.0 = Release|Any CPU
	EndGlobalSection
	GlobalSection(SolutionProperties) = preSolution
		HideSolutionNode = FALSE
	EndGlobalSection
	GlobalSection(ExtensibilityGlobals) = postSolution
		SolutionGuid = {39FF2007-C631-4168-9537-DAD8C4C07D6A}
	EndGlobalSection
EndGlobal
